// !$*UTF8*$!
{
	archiveVersion = 1;
	classes = {
	};
	objectVersion = 46;
	objects = {

/* Begin PBXBuildFile section */
		5523E1D61D827D3100D06C7A /* main.m in Sources */ = {isa = PBXBuildFile; fileRef = 5523E1D51D827D3100D06C7A /* main.m */; };
		5523E1D91D827D3100D06C7A /* AppDelegate.m in Sources */ = {isa = PBXBuildFile; fileRef = 5523E1D81D827D3100D06C7A /* AppDelegate.m */; };
		5523E1DC1D827D3100D06C7A /* ChecklistViewController.m in Sources */ = {isa = PBXBuildFile; fileRef = 5523E1DB1D827D3100D06C7A /* ChecklistViewController.m */; };
		5523E1DF1D827D3100D06C7A /* Main.storyboard in Resources */ = {isa = PBXBuildFile; fileRef = 5523E1DD1D827D3100D06C7A /* Main.storyboard */; };
		5523E1E11D827D3100D06C7A /* Assets.xcassets in Resources */ = {isa = PBXBuildFile; fileRef = 5523E1E01D827D3100D06C7A /* Assets.xcassets */; };
		5523E1E41D827D3100D06C7A /* LaunchScreen.storyboard in Resources */ = {isa = PBXBuildFile; fileRef = 5523E1E21D827D3100D06C7A /* LaunchScreen.storyboard */; };
		5523E1ED1D828A9600D06C7A /* ChecklistItem.m in Sources */ = {isa = PBXBuildFile; fileRef = 5523E1EC1D828A9600D06C7A /* ChecklistItem.m */; };
		5523E1F01D83873400D06C7A /* ItemDetailViewController.m in Sources */ = {isa = PBXBuildFile; fileRef = 5523E1EF1D83873400D06C7A /* ItemDetailViewController.m */; };
/* End PBXBuildFile section */

/* Begin PBXFileReference section */
		5523E1D11D827D3100D06C7A /* X'Checklists.app */ = {isa = PBXFileReference; explicitFileType = wrapper.application; includeInIndex = 0; path = "X'Checklists.app"; sourceTree = BUILT_PRODUCTS_DIR; };
		5523E1D51D827D3100D06C7A /* main.m */ = {isa = PBXFileReference; lastKnownFileType = sourcecode.c.objc; path = main.m; sourceTree = "<group>"; };
		5523E1D71D827D3100D06C7A /* AppDelegate.h */ = {isa = PBXFileReference; lastKnownFileType = sourcecode.c.h; path = AppDelegate.h; sourceTree = "<group>"; };
		5523E1D81D827D3100D06C7A /* AppDelegate.m */ = {isa = PBXFileReference; lastKnownFileType = sourcecode.c.objc; path = AppDelegate.m; sourceTree = "<group>"; };
		5523E1DA1D827D3100D06C7A /* ChecklistViewController.h */ = {isa = PBXFileReference; lastKnownFileType = sourcecode.c.h; lineEnding = 0; path = ChecklistViewController.h; sourceTree = "<group>"; xcLanguageSpecificationIdentifier = xcode.lang.objcpp; };
		5523E1DB1D827D3100D06C7A /* ChecklistViewController.m */ = {isa = PBXFileReference; lastKnownFileType = sourcecode.c.objc; lineEnding = 0; path = ChecklistViewController.m; sourceTree = "<group>"; xcLanguageSpecificationIdentifier = xcode.lang.objc; };
		5523E1DE1D827D3100D06C7A /* Base */ = {isa = PBXFileReference; lastKnownFileType = file.storyboard; name = Base; path = Base.lproj/Main.storyboard; sourceTree = "<group>"; };
		5523E1E01D827D3100D06C7A /* Assets.xcassets */ = {isa = PBXFileReference; lastKnownFileType = folder.assetcatalog; path = Assets.xcassets; sourceTree = "<group>"; };
		5523E1E31D827D3100D06C7A /* Base */ = {isa = PBXFileReference; lastKnownFileType = file.storyboard; name = Base; path = Base.lproj/LaunchScreen.storyboard; sourceTree = "<group>"; };
		5523E1E51D827D3100D06C7A /* Info.plist */ = {isa = PBXFileReference; lastKnownFileType = text.plist.xml; path = Info.plist; sourceTree = "<group>"; };
		5523E1EB1D828A9600D06C7A /* ChecklistItem.h */ = {isa = PBXFileReference; fileEncoding = 4; lastKnownFileType = sourcecode.c.h; path = ChecklistItem.h; sourceTree = "<group>"; };
		5523E1EC1D828A9600D06C7A /* ChecklistItem.m */ = {isa = PBXFileReference; fileEncoding = 4; lastKnownFileType = sourcecode.c.objc; path = ChecklistItem.m; sourceTree = "<group>"; };
		5523E1EE1D83873400D06C7A /* ItemDetailViewController.h */ = {isa = PBXFileReference; fileEncoding = 4; lastKnownFileType = sourcecode.c.h; lineEnding = 0; path = ItemDetailViewController.h; sourceTree = "<group>"; xcLanguageSpecificationIdentifier = xcode.lang.objcpp; };
		5523E1EF1D83873400D06C7A /* ItemDetailViewController.m */ = {isa = PBXFileReference; fileEncoding = 4; lastKnownFileType = sourcecode.c.objc; lineEnding = 0; path = ItemDetailViewController.m; sourceTree = "<group>"; xcLanguageSpecificationIdentifier = xcode.lang.objc; };
/* End PBXFileReference section */

/* Begin PBXFrameworksBuildPhase section */
		5523E1CE1D827D3100D06C7A /* Frameworks */ = {
			isa = PBXFrameworksBuildPhase;
			buildActionMask = 2147483647;
			files = (
			);
			runOnlyForDeploymentPostprocessing = 0;
		};
/* End PBXFrameworksBuildPhase section */

/* Begin PBXGroup section */
		5523E1C81D827D3100D06C7A = {
			isa = PBXGroup;
			children = (
				5523E1D31D827D3100D06C7A /* X'Checklists */,
				5523E1D21D827D3100D06C7A /* Products */,
			);
			sourceTree = "<group>";
		};
		5523E1D21D827D3100D06C7A /* Products */ = {
			isa = PBXGroup;
			children = (
				5523E1D11D827D3100D06C7A /* X'Checklists.app */,
			);
			name = Products;
			sourceTree = "<group>";
		};
		5523E1D31D827D3100D06C7A /* X'Checklists */ = {
			isa = PBXGroup;
			children = (
				5523E1D71D827D3100D06C7A /* AppDelegate.h */,
				5523E1D81D827D3100D06C7A /* AppDelegate.m */,
				5523E1DA1D827D3100D06C7A /* ChecklistViewController.h */,
				5523E1DB1D827D3100D06C7A /* ChecklistViewController.m */,
				5523E1DD1D827D3100D06C7A /* Main.storyboard */,
				5523E1EE1D83873400D06C7A /* ItemDetailViewController.h */,
				5523E1EF1D83873400D06C7A /* ItemDetailViewController.m */,
				5523E1E01D827D3100D06C7A /* Assets.xcassets */,
				5523E1E21D827D3100D06C7A /* LaunchScreen.storyboard */,
				5523E1E51D827D3100D06C7A /* Info.plist */,
				5523E1D41D827D3100D06C7A /* Supporting Files */,
				5523E1EB1D828A9600D06C7A /* ChecklistItem.h */,
				5523E1EC1D828A9600D06C7A /* ChecklistItem.m */,
			);
			path = "X'Checklists";
			sourceTree = "<group>";
		};
		5523E1D41D827D3100D06C7A /* Supporting Files */ = {
			isa = PBXGroup;
			children = (
				5523E1D51D827D3100D06C7A /* main.m */,
			);
			name = "Supporting Files";
			sourceTree = "<group>";
		};
/* End PBXGroup section */

/* Begin PBXNativeTarget section */
		5523E1D01D827D3100D06C7A /* X'Checklists */ = {
			isa = PBXNativeTarget;
			buildConfigurationList = 5523E1E81D827D3100D06C7A /* Build configuration list for PBXNativeTarget "X'Checklists" */;
			buildPhases = (
				5523E1CD1D827D3100D06C7A /* Sources */,
				5523E1CE1D827D3100D06C7A /* Frameworks */,
				5523E1CF1D827D3100D06C7A /* Resources */,
			);
			buildRules = (
			);
			dependencies = (
			);
			name = "X'Checklists";
			productName = "X'Checklists";
			productReference = 5523E1D11D827D3100D06C7A /* X'Checklists.app */;
			productType = "com.apple.product-type.application";
		};
/* End PBXNativeTarget section */

/* Begin PBXProject section */
		5523E1C91D827D3100D06C7A /* Project object */ = {
			isa = PBXProject;
			attributes = {
				LastUpgradeCheck = 0730;
				ORGANIZATIONNAME = takamashiro;
				TargetAttributes = {
					5523E1D01D827D3100D06C7A = {
						CreatedOnToolsVersion = 7.3.1;
					};
				};
			};
			buildConfigurationList = 5523E1CC1D827D3100D06C7A /* Build configuration list for PBXProject "X'Checklists" */;
			compatibilityVersion = "Xcode 3.2";
			developmentRegion = English;
			hasScannedForEncodings = 0;
			knownRegions = (
				en,
				Base,
			);
			mainGroup = 5523E1C81D827D3100D06C7A;
			productRefGroup = 5523E1D21D827D3100D06C7A /* Products */;
			projectDirPath = "";
			projectRoot = "";
			targets = (
				5523E1D01D827D3100D06C7A /* X'Checklists */,
			);
		};
/* End PBXProject section */

/* Begin PBXResourcesBuildPhase section */
		5523E1CF1D827D3100D06C7A /* Resources */ = {
			isa = PBXResourcesBuildPhase;
			buildActionMask = 2147483647;
			files = (
				5523E1E41D827D3100D06C7A /* LaunchScreen.storyboard in Resources */,
				5523E1E11D827D3100D06C7A /* Assets.xcassets in Resources */,
				5523E1DF1D827D3100D06C7A /* Main.storyboard in Resources */,
			);
			runOnlyForDeploymentPostprocessing = 0;
		};
/* End PBXResourcesBuildPhase section */

/* Begin PBXSourcesBuildPhase section */
		5523E1CD1D827D3100D06C7A /* Sources */ = {
			isa = PBXSourcesBuildPhase;
			buildActionMask = 2147483647;
			files = (
				5523E1DC1D827D3100D06C7A /* ChecklistViewController.m in Sources */,
				5523E1D91D827D3100D06C7A /* AppDelegate.m in Sources */,
				5523E1D61D827D3100D06C7A /* main.m in Sources */,
				5523E1F01D83873400D06C7A /* ItemDetailViewController.m in Sources */,
				5523E1ED1D828A9600D06C7A /* ChecklistItem.m in Sources */,
			);
			runOnlyForDeploymentPostprocessing = 0;
		};
/* End PBXSourcesBuildPhase section */

/* Begin PBXVariantGroup section */
		5523E1DD1D827D3100D06C7A /* Main.storyboard */ = {
			isa = PBXVariantGroup;
			children = (
				5523E1DE1D827D3100D06C7A /* Base */,
			);
			name = Main.storyboard;
			sourceTree = "<group>";
		};
		5523E1E21D827D3100D06C7A /* LaunchScreen.storyboard */ = {
			isa = PBXVariantGroup;
			children = (
				5523E1E31D827D3100D06C7A /* Base */,
			);
			name = LaunchScreen.storyboard;
			sourceTree = "<group>";
		};
/* End PBXVariantGroup section */

/* Begin XCBuildConfiguration section */
		5523E1E61D827D3100D06C7A /* Debug */ = {
			isa = XCBuildConfiguration;
			buildSettings = {
				ALWAYS_SEARCH_USER_PATHS = NO;
				CLANG_ANALYZER_NONNULL = YES;
				CLANG_CXX_LANGUAGE_STANDARD = "gnu++0x";
				CLANG_CXX_LIBRARY = "libc++";
				CLANG_ENABLE_MODULES = YES;
				CLANG_ENABLE_OBJC_ARC = YES;
				CLANG_WARN_BOOL_CONVERSION = YES;
				CLANG_WARN_CONSTANT_CONVERSION = YES;
				CLANG_WARN_DIRECT_OBJC_ISA_USAGE = YES_ERROR;
				CLANG_WARN_EMPTY_BODY = YES;
				CLANG_WARN_ENUM_CONVERSION = YES;
				CLANG_WARN_INT_CONVERSION = YES;
				CLANG_WARN_OBJC_ROOT_CLASS = YES_ERROR;
				CLANG_WARN_UNREACHABLE_CODE = YES;
				CLANG_WARN__DUPLICATE_METHOD_MATCH = YES;
				"CODE_SIGN_IDENTITY[sdk=iphoneos*]" = "iPhone Developer";
				COPY_PHASE_STRIP = NO;
				DEBUG_INFORMATION_FORMAT = dwarf;
				ENABLE_STRICT_OBJC_MSGSEND = YES;
				ENABLE_TESTABILITY = YES;
				GCC_C_LANGUAGE_STANDARD = gnu99;
				GCC_DYNAMIC_NO_PIC = NO;
				GCC_NO_COMMON_BLOCKS = YES;
				GCC_OPTIMIZATION_LEVEL = 0;
				GCC_PREPROCESSOR_DEFINITIONS = (
					"DEBUG=1",
					"$(inherited)",
				);
				GCC_WARN_64_TO_32_BIT_CONVERSION = YES;
				GCC_WARN_ABOUT_RETURN_TYPE = YES_ERROR;
				GCC_WARN_UNDECLARED_SELECTOR = YES;
				GCC_WARN_UNINITIALIZED_AUTOS = YES_AGGRESSIVE;
				GCC_WARN_UNUSED_FUNCTION = YES;
				GCC_WARN_UNUSED_VARIABLE = YES;
				IPHONEOS_DEPLOYMENT_TARGET = 9.3;
				MTL_ENABLE_DEBUG_INFO = YES;
				ONLY_ACTIVE_ARCH = YES;
				SDKROOT = iphoneos;
			};
			name = Debug;
		};
		5523E1E71D827D3100D06C7A /* Release */ = {
			isa = XCBuildConfiguration;
			buildSettings = {
				ALWAYS_SEARCH_USER_PATHS = NO;
				CLANG_ANALYZER_NONNULL = YES;
				CLANG_CXX_LANGUAGE_STANDARD = "gnu++0x";
				CLANG_CXX_LIBRARY = "libc++";
				CLANG_ENABLE_MODULES = YES;
				CLANG_ENABLE_OBJC_ARC = YES;
				CLANG_WARN_BOOL_CONVERSION = YES;
				CLANG_WARN_CONSTANT_CONVERSION = YES;
				CLANG_WARN_DIRECT_OBJC_ISA_USAGE = YES_ERROR;
				CLANG_WARN_EMPTY_BODY = YES;
				CLANG_WARN_ENUM_CONVERSION = YES;
				CLANG_WARN_INT_CONVERSION = YES;
				CLANG_WARN_OBJC_ROOT_CLASS = YES_ERROR;
				CLANG_WARN_UNREACHABLE_CODE = YES;
				CLANG_WARN__DUPLICATE_METHOD_MATCH = YES;
				"CODE_SIGN_IDENTITY[sdk=iphoneos*]" = "iPhone Developer";
				COPY_PHASE_STRIP = NO;
				DEBUG_INFORMATION_FORMAT = "dwarf-with-dsym";
				ENABLE_NS_ASSERTIONS = NO;
				ENABLE_STRICT_OBJC_MSGSEND = YES;
				GCC_C_LANGUAGE_STANDARD = gnu99;
				GCC_NO_COMMON_BLOCKS = YES;
				GCC_WARN_64_TO_32_BIT_CONVERSION = YES;
				GCC_WARN_ABOUT_RETURN_TYPE = YES_ERROR;
				GCC_WARN_UNDECLARED_SELECTOR = YES;
				GCC_WARN_UNINITIALIZED_AUTOS = YES_AGGRESSIVE;
				GCC_WARN_UNUSED_FUNCTION = YES;
				GCC_WARN_UNUSED_VARIABLE = YES;
				IPHONEOS_DEPLOYMENT_TARGET = 9.3;
				MTL_ENABLE_DEBUG_INFO = NO;
				SDKROOT = iphoneos;
				VALIDATE_PRODUCT = YES;
			};
			name = Release;
		};
		5523E1E91D827D3100D06C7A /* Debug */ = {
			isa = XCBuildConfiguration;
			buildSettings = {
				ASSETCATALOG_COMPILER_APPICON_NAME = AppIcon;
				INFOPLIST_FILE = "X'Checklists/Info.plist";
				LD_RUNPATH_SEARCH_PATHS = "$(inherited) @executable_path/Frameworks";
				PRODUCT_BUNDLE_IDENTIFIER = "com.takamashiro.X-Checklists";
				PRODUCT_NAME = "$(TARGET_NAME)";
			};
			name = Debug;
		};
		5523E1EA1D827D3100D06C7A /* Release */ = {
			isa = XCBuildConfiguration;
			buildSettings = {
				ASSETCATALOG_COMPILER_APPICON_NAME = AppIcon;
				INFOPLIST_FILE = "X'Checklists/Info.plist";
				LD_RUNPATH_SEARCH_PATHS = "$(inherited) @executable_path/Frameworks";
				PRODUCT_BUNDLE_IDENTIFIER = "com.takamashiro.X-Checklists";
				PRODUCT_NAME = "$(TARGET_NAME)";
			};
			name = Release;
		};
/* End XCBuildConfiguration section */

/* Begin XCConfigurationList section */
		5523E1CC1D827D3100D06C7A /* Build configuration list for PBXProject "X'Checklists" */ = {
			isa = XCConfigurationList;
			buildConfigurations = (
				5523E1E61D827D3100D06C7A /* Debug */,
				5523E1E71D827D3100D06C7A /* Release */,
			);
			defaultConfigurationIsVisible = 0;
			defaultConfigurationName = Release;
		};
		5523E1E81D827D3100D06C7A /* Build configuration list for PBXNativeTarget "X'Checklists" */ = {
			isa = XCConfigurationList;
			buildConfigurations = (
				5523E1E91D827D3100D06C7A /* Debug */,
				5523E1EA1D827D3100D06C7A /* Release */,
			);
			defaultConfigurationIsVisible = 0;
		};
/* End XCConfigurationList section */
	};
	rootObject = 5523E1C91D827D3100D06C7A /* Project object */;
}
